github.com/ddkwork/golibrary v0.0.30 h1:HsxQrgPFPP3ekUG3HuZrM9t9/PdFvIbEUnMlmOLpNF0=
github.com/ddkwork/golibrary v0.0.30/go.mod h1:ZX3tnJ9D5eWJAZYONxEic/fIrISMyIiuOKiT8NidzTM=
github.com/ddkwork/golibrary v0.0.32 h1:9kAtF9waf0UUc7sJZFzzWqP5gqYt34THJriJgq+hxWk=
github.com/ddkwork/golibrary v0.0.32/go.mod h1:ZX3tnJ9D5eWJAZYONxEic/fIrISMyIiuOKiT8NidzTM=
github.com/ddkwork/golibrary v0.0.33 h1:0gI5u+BMCkhE0HPJi+4LfIQgOkqzQlgj2d6DBQ54AF4=
github.com/ddkwork/golibrary v0.0.33/go.mod h1:ZX3tnJ9D5eWJAZYONxEic/fIrISMyIiuOKiT8NidzTM=
github.com/ddkwork/golibrary v0.0.34 h1:Q6VKVk+RzztW/q079wcDp1/4l0gnCBIvPoZilZyxc10=
github.com/ddkwork/golibrary v0.0.34/go.mod h1:ZX3tnJ9D5eWJAZYONxEic/fIrISMyIiuOKiT8NidzTM=
github.com/ddkwork/golibrary v0.0.36 h1:TX4LSxNDgglmrWxFeYeOOZLzY/D7lMM9TcTCIcTNBoI=
github.com/ddkwork/golibrary v0.0.36/go.mod h1:ZX3tnJ9D5eWJAZYONxEic/fIrISMyIiuOKiT8NidzTM=
github.com/ddkwork/golibrary v0.0.37 h1:L0QNCA+EsyipXX1jPvwJqf38t2MxxiYyrflQ0BL7pG4=
github.com/ddkwork/golibrary v0.0.37/go.mod h1:ZX3tnJ9D5eWJAZYONxEic/fIrISMyIiuOKiT8NidzTM=
github.com/ddkwork/golibrary v0.0.38 h1:+JUyFyH52J1FsaX9oiHiI2NQP84A8+MKAGpTrYst+mk=
github.com/ddkwork/golibrary v0.0.38/go.mod h1:ZX3tnJ9D5eWJAZYONxEic/fIrISMyIiuOKiT8NidzTM=
github.com/ddkwork/golibrary v0.0.39 h1:ZGOF3XtZA7bUzt8Dov02jnKZgipkG/Qe6sGoCpNDRVo=
github.com/ddkwork/golibrary v0.0.39/go.mod h1:ZX3tnJ9D5eWJAZYONxEic/fIrISMyIiuOKiT8NidzTM=
github.com/ddkwork/golibrary v0.0.40 h1:2vjs3JOP3dDeTlD6aSx0gdgI2Bi0mB9uOa9LkGz/7Pw=
github.com/ddkwork/golibrary v0.0.40/go.mod h1:ZX3tnJ9D5eWJAZYONxEic/fIrISMyIiuOKiT8NidzTM=
