github.com/ddkwork/golibrary v0.0.30 h1:HsxQrgPFPP3ekUG3HuZrM9t9/PdFvIbEUnMlmOLpNF0=
github.com/ddkwork/golibrary v0.0.30/go.mod h1:ZX3tnJ9D5eWJAZYONxEic/fIrISMyIiuOKiT8NidzTM=
github.com/ddkwork/golibrary v0.0.32 h1:9kAtF9waf0UUc7sJZFzzWqP5gqYt34THJriJgq+hxWk=
github.com/ddkwork/golibrary v0.0.32/go.mod h1:ZX3tnJ9D5eWJAZYONxEic/fIrISMyIiuOKiT8NidzTM=
